
Microsoft Visual Studio Solution File, Format Version 12.00
# Visual Studio 15
VisualStudioVersion = 15.0.27703.2035
MinimumVisualStudioVersion = 10.0.40219.1
Project("{FAE04EC0-301F-11D3-BF4B-00C04F79EFBC}") = "TestApp.Android", "TestApp\TestApp.Android\TestApp.Android.csproj", "{5FAFCFD2-75CD-439D-BD3A-2AFA552E463B}"
EndProject
Project("{FAE04EC0-301F-11D3-BF4B-00C04F79EFBC}") = "TestApp.iOS", "TestApp\TestApp.iOS\TestApp.iOS.csproj", "{E62C872F-F356-4003-B9C5-A0F08A034DF8}"
EndProject
Project("{FAE04EC0-301F-11D3-BF4B-00C04F79EFBC}") = "TestApp", "TestApp\TestApp\TestApp.csproj", "{7471425C-7864-4C52-9232-12E0CCFDC0CD}"
EndProject
Global
	GlobalSection(SolutionConfigurationPlatforms) = preSolution
		Ad-Hoc|Any CPU = Ad-Hoc|Any CPU
		Ad-Hoc|iPhone = Ad-Hoc|iPhone
		Ad-Hoc|iPhoneSimulator = Ad-Hoc|iPhoneSimulator
		AppStore|Any CPU = AppStore|Any CPU
		AppStore|iPhone = AppStore|iPhone
		AppStore|iPhoneSimulator = AppStore|iPhoneSimulator
		Debug|Any CPU = Debug|Any CPU
		Debug|iPhone = Debug|iPhone
		Debug|iPhoneSimulator = Debug|iPhoneSimulator
		Release|Any CPU = Release|Any CPU
		Release|iPhone = Release|iPhone
		Release|iPhoneSimulator = Release|iPhoneSimulator
	EndGlobalSection
	GlobalSection(ProjectConfigurationPlatforms) = postSolution
		{5FAFCFD2-75CD-439D-BD3A-2AFA552E463B}.Ad-Hoc|Any CPU.ActiveCfg = Release|Any CPU
		{5FAFCFD2-75CD-439D-BD3A-2AFA552E463B}.Ad-Hoc|Any CPU.Build.0 = Release|Any CPU
		{5FAFCFD2-75CD-439D-BD3A-2AFA552E463B}.Ad-Hoc|Any CPU.Deploy.0 = Release|Any CPU
		{5FAFCFD2-75CD-439D-BD3A-2AFA552E463B}.Ad-Hoc|iPhone.ActiveCfg = Release|Any CPU
		{5FAFCFD2-75CD-439D-BD3A-2AFA552E463B}.Ad-Hoc|iPhone.Build.0 = Release|Any CPU
		{5FAFCFD2-75CD-439D-BD3A-2AFA552E463B}.Ad-Hoc|iPhone.Deploy.0 = Release|Any CPU
		{5FAFCFD2-75CD-439D-BD3A-2AFA552E463B}.Ad-Hoc|iPhoneSimulator.ActiveCfg = Release|Any CPU
		{5FAFCFD2-75CD-439D-BD3A-2AFA552E463B}.Ad-Hoc|iPhoneSimulator.Build.0 = Release|Any CPU
		{5FAFCFD2-75CD-439D-BD3A-2AFA552E463B}.Ad-Hoc|iPhoneSimulator.Deploy.0 = Release|Any CPU
		{5FAFCFD2-75CD-439D-BD3A-2AFA552E463B}.AppStore|Any CPU.ActiveCfg = Release|Any CPU
		{5FAFCFD2-75CD-439D-BD3A-2AFA552E463B}.AppStore|Any CPU.Build.0 = Release|Any CPU
		{5FAFCFD2-75CD-439D-BD3A-2AFA552E463B}.AppStore|Any CPU.Deploy.0 = Release|Any CPU
		{5FAFCFD2-75CD-439D-BD3A-2AFA552E463B}.AppStore|iPhone.ActiveCfg = Release|Any CPU
		{5FAFCFD2-75CD-439D-BD3A-2AFA552E463B}.AppStore|iPhone.Build.0 = Release|Any CPU
		{5FAFCFD2-75CD-439D-BD3A-2AFA552E463B}.AppStore|iPhone.Deploy.0 = Release|Any CPU
		{5FAFCFD2-75CD-439D-BD3A-2AFA552E463B}.AppStore|iPhoneSimulator.ActiveCfg = Release|Any CPU
		{5FAFCFD2-75CD-439D-BD3A-2AFA552E463B}.AppStore|iPhoneSimulator.Build.0 = Release|Any CPU
		{5FAFCFD2-75CD-439D-BD3A-2AFA552E463B}.AppStore|iPhoneSimulator.Deploy.0 = Release|Any CPU
		{5FAFCFD2-75CD-439D-BD3A-2AFA552E463B}.Debug|Any CPU.ActiveCfg = Debug|Any CPU
		{5FAFCFD2-75CD-439D-BD3A-2AFA552E463B}.Debug|Any CPU.Build.0 = Debug|Any CPU
		{5FAFCFD2-75CD-439D-BD3A-2AFA552E463B}.Debug|Any CPU.Deploy.0 = Debug|Any CPU
		{5FAFCFD2-75CD-439D-BD3A-2AFA552E463B}.Debug|iPhone.ActiveCfg = Debug|Any CPU
		{5FAFCFD2-75CD-439D-BD3A-2AFA552E463B}.Debug|iPhone.Build.0 = Debug|Any CPU
		{5FAFCFD2-75CD-439D-BD3A-2AFA552E463B}.Debug|iPhone.Deploy.0 = Debug|Any CPU
		{5FAFCFD2-75CD-439D-BD3A-2AFA552E463B}.Debug|iPhoneSimulator.ActiveCfg = Debug|Any CPU
		{5FAFCFD2-75CD-439D-BD3A-2AFA552E463B}.Debug|iPhoneSimulator.Build.0 = Debug|Any CPU
		{5FAFCFD2-75CD-439D-BD3A-2AFA552E463B}.Debug|iPhoneSimulator.Deploy.0 = Debug|Any CPU
		{5FAFCFD2-75CD-439D-BD3A-2AFA552E463B}.Release|Any CPU.ActiveCfg = Release|Any CPU
		{5FAFCFD2-75CD-439D-BD3A-2AFA552E463B}.Release|Any CPU.Build.0 = Release|Any CPU
		{5FAFCFD2-75CD-439D-BD3A-2AFA552E463B}.Release|Any CPU.Deploy.0 = Release|Any CPU
		{5FAFCFD2-75CD-439D-BD3A-2AFA552E463B}.Release|iPhone.ActiveCfg = Release|Any CPU
		{5FAFCFD2-75CD-439D-BD3A-2AFA552E463B}.Release|iPhone.Build.0 = Release|Any CPU
		{5FAFCFD2-75CD-439D-BD3A-2AFA552E463B}.Release|iPhone.Deploy.0 = Release|Any CPU
		{5FAFCFD2-75CD-439D-BD3A-2AFA552E463B}.Release|iPhoneSimulator.ActiveCfg = Release|Any CPU
		{5FAFCFD2-75CD-439D-BD3A-2AFA552E463B}.Release|iPhoneSimulator.Build.0 = Release|Any CPU
		{5FAFCFD2-75CD-439D-BD3A-2AFA552E463B}.Release|iPhoneSimulator.Deploy.0 = Release|Any CPU
		{E62C872F-F356-4003-B9C5-A0F08A034DF8}.Ad-Hoc|Any CPU.ActiveCfg = Ad-Hoc|iPhone
		{E62C872F-F356-4003-B9C5-A0F08A034DF8}.Ad-Hoc|Any CPU.Build.0 = Ad-Hoc|iPhone
		{E62C872F-F356-4003-B9C5-A0F08A034DF8}.Ad-Hoc|Any CPU.Deploy.0 = Ad-Hoc|iPhone
		{E62C872F-F356-4003-B9C5-A0F08A034DF8}.Ad-Hoc|iPhone.ActiveCfg = Ad-Hoc|iPhone
		{E62C872F-F356-4003-B9C5-A0F08A034DF8}.Ad-Hoc|iPhone.Build.0 = Ad-Hoc|iPhone
		{E62C872F-F356-4003-B9C5-A0F08A034DF8}.Ad-Hoc|iPhone.Deploy.0 = Ad-Hoc|iPhone
		{E62C872F-F356-4003-B9C5-A0F08A034DF8}.Ad-Hoc|iPhoneSimulator.ActiveCfg = Ad-Hoc|iPhoneSimulator
		{E62C872F-F356-4003-B9C5-A0F08A034DF8}.Ad-Hoc|iPhoneSimulator.Build.0 = Ad-Hoc|iPhoneSimulator
		{E62C872F-F356-4003-B9C5-A0F08A034DF8}.Ad-Hoc|iPhoneSimulator.Deploy.0 = Ad-Hoc|iPhoneSimulator
		{E62C872F-F356-4003-B9C5-A0F08A034DF8}.AppStore|Any CPU.ActiveCfg = AppStore|iPhone
		{E62C872F-F356-4003-B9C5-A0F08A034DF8}.AppStore|Any CPU.Build.0 = AppStore|iPhone
		{E62C872F-F356-4003-B9C5-A0F08A034DF8}.AppStore|Any CPU.Deploy.0 = AppStore|iPhone
		{E62C872F-F356-4003-B9C5-A0F08A034DF8}.AppStore|iPhone.ActiveCfg = AppStore|iPhone
		{E62C872F-F356-4003-B9C5-A0F08A034DF8}.AppStore|iPhone.Build.0 = AppStore|iPhone
		{E62C872F-F356-4003-B9C5-A0F08A034DF8}.AppStore|iPhone.Deploy.0 = AppStore|iPhone
		{E62C872F-F356-4003-B9C5-A0F08A034DF8}.AppStore|iPhoneSimulator.ActiveCfg = AppStore|iPhoneSimulator
		{E62C872F-F356-4003-B9C5-A0F08A034DF8}.AppStore|iPhoneSimulator.Build.0 = AppStore|iPhoneSimulator
		{E62C872F-F356-4003-B9C5-A0F08A034DF8}.AppStore|iPhoneSimulator.Deploy.0 = AppStore|iPhoneSimulator
		{E62C872F-F356-4003-B9C5-A0F08A034DF8}.Debug|Any CPU.ActiveCfg = Debug|iPhoneSimulator
		{E62C872F-F356-4003-B9C5-A0F08A034DF8}.Debug|Any CPU.Build.0 = Debug|iPhoneSimulator
		{E62C872F-F356-4003-B9C5-A0F08A034DF8}.Debug|Any CPU.Deploy.0 = Debug|iPhoneSimulator
		{E62C872F-F356-4003-B9C5-A0F08A034DF8}.Debug|iPhone.ActiveCfg = Debug|iPhone
		{E62C872F-F356-4003-B9C5-A0F08A034DF8}.Debug|iPhone.Build.0 = Debug|iPhone
		{E62C872F-F356-4003-B9C5-A0F08A034DF8}.Debug|iPhone.Deploy.0 = Debug|iPhone
		{E62C872F-F356-4003-B9C5-A0F08A034DF8}.Debug|iPhoneSimulator.ActiveCfg = Debug|iPhoneSimulator
		{E62C872F-F356-4003-B9C5-A0F08A034DF8}.Debug|iPhoneSimulator.Build.0 = Debug|iPhoneSimulator
		{E62C872F-F356-4003-B9C5-A0F08A034DF8}.Debug|iPhoneSimulator.Deploy.0 = Debug|iPhoneSimulator
		{E62C872F-F356-4003-B9C5-A0F08A034DF8}.Release|Any CPU.ActiveCfg = Release|iPhone
		{E62C872F-F356-4003-B9C5-A0F08A034DF8}.Release|Any CPU.Build.0 = Release|iPhone
		{E62C872F-F356-4003-B9C5-A0F08A034DF8}.Release|Any CPU.Deploy.0 = Release|iPhone
		{E62C872F-F356-4003-B9C5-A0F08A034DF8}.Release|iPhone.ActiveCfg = Release|iPhone
		{E62C872F-F356-4003-B9C5-A0F08A034DF8}.Release|iPhone.Build.0 = Release|iPhone
		{E62C872F-F356-4003-B9C5-A0F08A034DF8}.Release|iPhone.Deploy.0 = Release|iPhone
		{E62C872F-F356-4003-B9C5-A0F08A034DF8}.Release|iPhoneSimulator.ActiveCfg = Release|iPhoneSimulator
		{E62C872F-F356-4003-B9C5-A0F08A034DF8}.Release|iPhoneSimulator.Build.0 = Release|iPhoneSimulator
		{E62C872F-F356-4003-B9C5-A0F08A034DF8}.Release|iPhoneSimulator.Deploy.0 = Release|iPhoneSimulator
		{7471425C-7864-4C52-9232-12E0CCFDC0CD}.Ad-Hoc|Any CPU.ActiveCfg = Debug|Any CPU
		{7471425C-7864-4C52-9232-12E0CCFDC0CD}.Ad-Hoc|Any CPU.Build.0 = Debug|Any CPU
		{7471425C-7864-4C52-9232-12E0CCFDC0CD}.Ad-Hoc|Any CPU.Deploy.0 = Debug|Any CPU
		{7471425C-7864-4C52-9232-12E0CCFDC0CD}.Ad-Hoc|iPhone.ActiveCfg = Debug|Any CPU
		{7471425C-7864-4C52-9232-12E0CCFDC0CD}.Ad-Hoc|iPhone.Build.0 = Debug|Any CPU
		{7471425C-7864-4C52-9232-12E0CCFDC0CD}.Ad-Hoc|iPhone.Deploy.0 = Debug|Any CPU
		{7471425C-7864-4C52-9232-12E0CCFDC0CD}.Ad-Hoc|iPhoneSimulator.ActiveCfg = Debug|Any CPU
		{7471425C-7864-4C52-9232-12E0CCFDC0CD}.Ad-Hoc|iPhoneSimulator.Build.0 = Debug|Any CPU
		{7471425C-7864-4C52-9232-12E0CCFDC0CD}.Ad-Hoc|iPhoneSimulator.Deploy.0 = Debug|Any CPU
		{7471425C-7864-4C52-9232-12E0CCFDC0CD}.AppStore|Any CPU.ActiveCfg = Debug|Any CPU
		{7471425C-7864-4C52-9232-12E0CCFDC0CD}.AppStore|Any CPU.Build.0 = Debug|Any CPU
		{7471425C-7864-4C52-9232-12E0CCFDC0CD}.AppStore|Any CPU.Deploy.0 = Debug|Any CPU
		{7471425C-7864-4C52-9232-12E0CCFDC0CD}.AppStore|iPhone.ActiveCfg = Debug|Any CPU
		{7471425C-7864-4C52-9232-12E0CCFDC0CD}.AppStore|iPhone.Build.0 = Debug|Any CPU
		{7471425C-7864-4C52-9232-12E0CCFDC0CD}.AppStore|iPhone.Deploy.0 = Debug|Any CPU
		{7471425C-7864-4C52-9232-12E0CCFDC0CD}.AppStore|iPhoneSimulator.ActiveCfg = Debug|Any CPU
		{7471425C-7864-4C52-9232-12E0CCFDC0CD}.AppStore|iPhoneSimulator.Build.0 = Debug|Any CPU
		{7471425C-7864-4C52-9232-12E0CCFDC0CD}.AppStore|iPhoneSimulator.Deploy.0 = Debug|Any CPU
		{7471425C-7864-4C52-9232-12E0CCFDC0CD}.Debug|Any CPU.ActiveCfg = Debug|Any CPU
		{7471425C-7864-4C52-9232-12E0CCFDC0CD}.Debug|Any CPU.Build.0 = Debug|Any CPU
		{7471425C-7864-4C52-9232-12E0CCFDC0CD}.Debug|Any CPU.Deploy.0 = Debug|Any CPU
		{7471425C-7864-4C52-9232-12E0CCFDC0CD}.Debug|iPhone.ActiveCfg = Debug|Any CPU
		{7471425C-7864-4C52-9232-12E0CCFDC0CD}.Debug|iPhone.Build.0 = Debug|Any CPU
		{7471425C-7864-4C52-9232-12E0CCFDC0CD}.Debug|iPhone.Deploy.0 = Debug|Any CPU
		{7471425C-7864-4C52-9232-12E0CCFDC0CD}.Debug|iPhoneSimulator.ActiveCfg = Debug|Any CPU
		{7471425C-7864-4C52-9232-12E0CCFDC0CD}.Debug|iPhoneSimulator.Build.0 = Debug|Any CPU
		{7471425C-7864-4C52-9232-12E0CCFDC0CD}.Debug|iPhoneSimulator.Deploy.0 = Debug|Any CPU
		{7471425C-7864-4C52-9232-12E0CCFDC0CD}.Release|Any CPU.ActiveCfg = Release|Any CPU
		{7471425C-7864-4C52-9232-12E0CCFDC0CD}.Release|Any CPU.Build.0 = Release|Any CPU
		{7471425C-7864-4C52-9232-12E0CCFDC0CD}.Release|Any CPU.Deploy.0 = Release|Any CPU
		{7471425C-7864-4C52-9232-12E0CCFDC0CD}.Release|iPhone.ActiveCfg = Release|Any CPU
		{7471425C-7864-4C52-9232-12E0CCFDC0CD}.Release|iPhone.Build.0 = Release|Any CPU
		{7471425C-7864-4C52-9232-12E0CCFDC0CD}.Release|iPhone.Deploy.0 = Release|Any CPU
		{7471425C-7864-4C52-9232-12E0CCFDC0CD}.Release|iPhoneSimulator.ActiveCfg = Release|Any CPU
		{7471425C-7864-4C52-9232-12E0CCFDC0CD}.Release|iPhoneSimulator.Build.0 = Release|Any CPU
		{7471425C-7864-4C52-9232-12E0CCFDC0CD}.Release|iPhoneSimulator.Deploy.0 = Release|Any CPU
	EndGlobalSection
	GlobalSection(SolutionProperties) = preSolution
		HideSolutionNode = FALSE
	EndGlobalSection
	GlobalSection(ExtensibilityGlobals) = postSolution
		SolutionGuid = {28AAF7C1-8527-4605-9436-B8E3A9B2CC53}
	EndGlobalSection
EndGlobal
